
Microsoft Visual Studio Solution File, Format Version 12.00
Project("{FAE04EC0-301F-11D3-BF4B-00C04F79EFBC}") = "11Mission", "11Mission\11Mission.csproj", "{32D68701-73E5-4A4F-ACF8-A312115C7410}"
EndProject
Global
	GlobalSection(SolutionConfigurationPlatforms) = preSolution
		Debug|Any CPU = Debug|Any CPU
		Release|Any CPU = Release|Any CPU
	EndGlobalSection
	GlobalSection(ProjectConfigurationPlatforms) = postSolution
		{32D68701-73E5-4A4F-ACF8-A312115C7410}.Debug|Any CPU.ActiveCfg = Debug|Any CPU
		{32D68701-73E5-4A4F-ACF8-A312115C7410}.Debug|Any CPU.Build.0 = Debug|Any CPU
		{32D68701-73E5-4A4F-ACF8-A312115C7410}.Release|Any CPU.ActiveCfg = Release|Any CPU
		{32D68701-73E5-4A4F-ACF8-A312115C7410}.Release|Any CPU.Build.0 = Release|Any CPU
	EndGlobalSection
EndGlobal
